
Microsoft Visual Studio Solution File, Format Version 12.00
Project("{FAE04EC0-301F-11D3-BF4B-00C04F79EFBC}") = "Mythetech.Framework", "Mythetech.Framework\Mythetech.Framework.csproj", "{7E2FD2F5-117D-43B9-9ACA-62F623C831B0}"
EndProject
Project("{FAE04EC0-301F-11D3-BF4B-00C04F79EFBC}") = "Mythetech.Framework.Storybook", "Mythetech.Framework.Storybook\Mythetech.Framework.Storybook.csproj", "{D3E7FF6B-2ECF-43B1-AA0B-C0B11EC77E1F}"
EndProject
Project("{FAE04EC0-301F-11D3-BF4B-00C04F79EFBC}") = "Mythetech.Framework.Test", "Mythetech.Framework.Test\Mythetech.Framework.Test.csproj", "{3287E3EA-DA88-4BC3-A627-BF488BC8A3A8}"
EndProject
Project("{FAE04EC0-301F-11D3-BF4B-00C04F79EFBC}") = "Mythetech.Framework.Desktop", "Mythetech.Framework.Desktop\Mythetech.Framework.Desktop.csproj", "{A940A90F-794C-4D88-9BB1-3049D759B37E}"
EndProject
Project("{FAE04EC0-301F-11D3-BF4B-00C04F79EFBC}") = "Mythetech.Framework.WebAssembly", "Mythetech.Framework.WebAssembly\Mythetech.Framework.WebAssembly.csproj", "{864B2EC4-5895-496C-BF80-DB9A97EE0410}"
EndProject
Project("{2150E333-8FDC-42A3-9474-1A3956D46DE8}") = "samples", "samples", "{5D20AA90-6969-D8BD-9DCD-8634F4692FDA}"
EndProject
Project("{FAE04EC0-301F-11D3-BF4B-00C04F79EFBC}") = "SamplePlugin", "samples\SamplePlugin\SamplePlugin.csproj", "{5CAE6AFC-95FB-45C7-8200-AFE20C9A3628}"
EndProject
Project("{FAE04EC0-301F-11D3-BF4B-00C04F79EFBC}") = "SampleHost.Desktop", "samples\SampleHost.Desktop\SampleHost.Desktop.csproj", "{AB2FCEE7-C4DF-4342-AAA6-FB344420CBF4}"
EndProject
Project("{FAE04EC0-301F-11D3-BF4B-00C04F79EFBC}") = "SampleHost.WebAssembly", "samples\SampleHost.WebAssembly\SampleHost.WebAssembly.csproj", "{61221248-C220-4ECD-A6F5-CBC4451DFE6F}"
EndProject
Project("{FAE04EC0-301F-11D3-BF4B-00C04F79EFBC}") = "SampleHost.Shared", "samples\SampleHost.Shared\SampleHost.Shared.csproj", "{B8247D74-8BB2-4DA9-B4FE-2832408813C4}"
EndProject
Project("{FAE04EC0-301F-11D3-BF4B-00C04F79EFBC}") = "Mythetech.Framework.Observability", "Mythetech.Framework.Observability\Mythetech.Framework.Observability.csproj", "{D08E7D12-CE70-4BE8-BFC9-36003FF319CC}"
EndProject
Global
	GlobalSection(SolutionConfigurationPlatforms) = preSolution
		Debug|Any CPU = Debug|Any CPU
		Debug|x64 = Debug|x64
		Debug|x86 = Debug|x86
		Release|Any CPU = Release|Any CPU
		Release|x64 = Release|x64
		Release|x86 = Release|x86
	EndGlobalSection
	GlobalSection(ProjectConfigurationPlatforms) = postSolution
		{7E2FD2F5-117D-43B9-9ACA-62F623C831B0}.Debug|Any CPU.ActiveCfg = Debug|Any CPU
		{7E2FD2F5-117D-43B9-9ACA-62F623C831B0}.Debug|Any CPU.Build.0 = Debug|Any CPU
		{7E2FD2F5-117D-43B9-9ACA-62F623C831B0}.Debug|x64.ActiveCfg = Debug|Any CPU
		{7E2FD2F5-117D-43B9-9ACA-62F623C831B0}.Debug|x64.Build.0 = Debug|Any CPU
		{7E2FD2F5-117D-43B9-9ACA-62F623C831B0}.Debug|x86.ActiveCfg = Debug|Any CPU
		{7E2FD2F5-117D-43B9-9ACA-62F623C831B0}.Debug|x86.Build.0 = Debug|Any CPU
		{7E2FD2F5-117D-43B9-9ACA-62F623C831B0}.Release|Any CPU.ActiveCfg = Release|Any CPU
		{7E2FD2F5-117D-43B9-9ACA-62F623C831B0}.Release|Any CPU.Build.0 = Release|Any CPU
		{7E2FD2F5-117D-43B9-9ACA-62F623C831B0}.Release|x64.ActiveCfg = Release|Any CPU
		{7E2FD2F5-117D-43B9-9ACA-62F623C831B0}.Release|x64.Build.0 = Release|Any CPU
		{7E2FD2F5-117D-43B9-9ACA-62F623C831B0}.Release|x86.ActiveCfg = Release|Any CPU
		{7E2FD2F5-117D-43B9-9ACA-62F623C831B0}.Release|x86.Build.0 = Release|Any CPU
		{D3E7FF6B-2ECF-43B1-AA0B-C0B11EC77E1F}.Debug|Any CPU.ActiveCfg = Debug|Any CPU
		{D3E7FF6B-2ECF-43B1-AA0B-C0B11EC77E1F}.Debug|Any CPU.Build.0 = Debug|Any CPU
		{D3E7FF6B-2ECF-43B1-AA0B-C0B11EC77E1F}.Debug|x64.ActiveCfg = Debug|Any CPU
		{D3E7FF6B-2ECF-43B1-AA0B-C0B11EC77E1F}.Debug|x64.Build.0 = Debug|Any CPU
		{D3E7FF6B-2ECF-43B1-AA0B-C0B11EC77E1F}.Debug|x86.ActiveCfg = Debug|Any CPU
		{D3E7FF6B-2ECF-43B1-AA0B-C0B11EC77E1F}.Debug|x86.Build.0 = Debug|Any CPU
		{D3E7FF6B-2ECF-43B1-AA0B-C0B11EC77E1F}.Release|Any CPU.ActiveCfg = Release|Any CPU
		{D3E7FF6B-2ECF-43B1-AA0B-C0B11EC77E1F}.Release|Any CPU.Build.0 = Release|Any CPU
		{D3E7FF6B-2ECF-43B1-AA0B-C0B11EC77E1F}.Release|x64.ActiveCfg = Release|Any CPU
		{D3E7FF6B-2ECF-43B1-AA0B-C0B11EC77E1F}.Release|x64.Build.0 = Release|Any CPU
		{D3E7FF6B-2ECF-43B1-AA0B-C0B11EC77E1F}.Release|x86.ActiveCfg = Release|Any CPU
		{D3E7FF6B-2ECF-43B1-AA0B-C0B11EC77E1F}.Release|x86.Build.0 = Release|Any CPU
		{3287E3EA-DA88-4BC3-A627-BF488BC8A3A8}.Debug|Any CPU.ActiveCfg = Debug|Any CPU
		{3287E3EA-DA88-4BC3-A627-BF488BC8A3A8}.Debug|Any CPU.Build.0 = Debug|Any CPU
		{3287E3EA-DA88-4BC3-A627-BF488BC8A3A8}.Debug|x64.ActiveCfg = Debug|Any CPU
		{3287E3EA-DA88-4BC3-A627-BF488BC8A3A8}.Debug|x64.Build.0 = Debug|Any CPU
		{3287E3EA-DA88-4BC3-A627-BF488BC8A3A8}.Debug|x86.ActiveCfg = Debug|Any CPU
		{3287E3EA-DA88-4BC3-A627-BF488BC8A3A8}.Debug|x86.Build.0 = Debug|Any CPU
		{3287E3EA-DA88-4BC3-A627-BF488BC8A3A8}.Release|Any CPU.ActiveCfg = Release|Any CPU
		{3287E3EA-DA88-4BC3-A627-BF488BC8A3A8}.Release|Any CPU.Build.0 = Release|Any CPU
		{3287E3EA-DA88-4BC3-A627-BF488BC8A3A8}.Release|x64.ActiveCfg = Release|Any CPU
		{3287E3EA-DA88-4BC3-A627-BF488BC8A3A8}.Release|x64.Build.0 = Release|Any CPU
		{3287E3EA-DA88-4BC3-A627-BF488BC8A3A8}.Release|x86.ActiveCfg = Release|Any CPU
		{3287E3EA-DA88-4BC3-A627-BF488BC8A3A8}.Release|x86.Build.0 = Release|Any CPU
		{A940A90F-794C-4D88-9BB1-3049D759B37E}.Debug|Any CPU.ActiveCfg = Debug|Any CPU
		{A940A90F-794C-4D88-9BB1-3049D759B37E}.Debug|Any CPU.Build.0 = Debug|Any CPU
		{A940A90F-794C-4D88-9BB1-3049D759B37E}.Debug|x64.ActiveCfg = Debug|Any CPU
		{A940A90F-794C-4D88-9BB1-3049D759B37E}.Debug|x64.Build.0 = Debug|Any CPU
		{A940A90F-794C-4D88-9BB1-3049D759B37E}.Debug|x86.ActiveCfg = Debug|Any CPU
		{A940A90F-794C-4D88-9BB1-3049D759B37E}.Debug|x86.Build.0 = Debug|Any CPU
		{A940A90F-794C-4D88-9BB1-3049D759B37E}.Release|Any CPU.ActiveCfg = Release|Any CPU
		{A940A90F-794C-4D88-9BB1-3049D759B37E}.Release|Any CPU.Build.0 = Release|Any CPU
		{A940A90F-794C-4D88-9BB1-3049D759B37E}.Release|x64.ActiveCfg = Release|Any CPU
		{A940A90F-794C-4D88-9BB1-3049D759B37E}.Release|x64.Build.0 = Release|Any CPU
		{A940A90F-794C-4D88-9BB1-3049D759B37E}.Release|x86.ActiveCfg = Release|Any CPU
		{A940A90F-794C-4D88-9BB1-3049D759B37E}.Release|x86.Build.0 = Release|Any CPU
		{864B2EC4-5895-496C-BF80-DB9A97EE0410}.Debug|Any CPU.ActiveCfg = Debug|Any CPU
		{864B2EC4-5895-496C-BF80-DB9A97EE0410}.Debug|Any CPU.Build.0 = Debug|Any CPU
		{864B2EC4-5895-496C-BF80-DB9A97EE0410}.Debug|x64.ActiveCfg = Debug|Any CPU
		{864B2EC4-5895-496C-BF80-DB9A97EE0410}.Debug|x64.Build.0 = Debug|Any CPU
		{864B2EC4-5895-496C-BF80-DB9A97EE0410}.Debug|x86.ActiveCfg = Debug|Any CPU
		{864B2EC4-5895-496C-BF80-DB9A97EE0410}.Debug|x86.Build.0 = Debug|Any CPU
		{864B2EC4-5895-496C-BF80-DB9A97EE0410}.Release|Any CPU.ActiveCfg = Release|Any CPU
		{864B2EC4-5895-496C-BF80-DB9A97EE0410}.Release|Any CPU.Build.0 = Release|Any CPU
		{864B2EC4-5895-496C-BF80-DB9A97EE0410}.Release|x64.ActiveCfg = Release|Any CPU
		{864B2EC4-5895-496C-BF80-DB9A97EE0410}.Release|x64.Build.0 = Release|Any CPU
		{864B2EC4-5895-496C-BF80-DB9A97EE0410}.Release|x86.ActiveCfg = Release|Any CPU
		{864B2EC4-5895-496C-BF80-DB9A97EE0410}.Release|x86.Build.0 = Release|Any CPU
		{5CAE6AFC-95FB-45C7-8200-AFE20C9A3628}.Debug|Any CPU.ActiveCfg = Debug|Any CPU
		{5CAE6AFC-95FB-45C7-8200-AFE20C9A3628}.Debug|Any CPU.Build.0 = Debug|Any CPU
		{5CAE6AFC-95FB-45C7-8200-AFE20C9A3628}.Debug|x64.ActiveCfg = Debug|Any CPU
		{5CAE6AFC-95FB-45C7-8200-AFE20C9A3628}.Debug|x64.Build.0 = Debug|Any CPU
		{5CAE6AFC-95FB-45C7-8200-AFE20C9A3628}.Debug|x86.ActiveCfg = Debug|Any CPU
		{5CAE6AFC-95FB-45C7-8200-AFE20C9A3628}.Debug|x86.Build.0 = Debug|Any CPU
		{5CAE6AFC-95FB-45C7-8200-AFE20C9A3628}.Release|Any CPU.ActiveCfg = Release|Any CPU
		{5CAE6AFC-95FB-45C7-8200-AFE20C9A3628}.Release|Any CPU.Build.0 = Release|Any CPU
		{5CAE6AFC-95FB-45C7-8200-AFE20C9A3628}.Release|x64.ActiveCfg = Release|Any CPU
		{5CAE6AFC-95FB-45C7-8200-AFE20C9A3628}.Release|x64.Build.0 = Release|Any CPU
		{5CAE6AFC-95FB-45C7-8200-AFE20C9A3628}.Release|x86.ActiveCfg = Release|Any CPU
		{5CAE6AFC-95FB-45C7-8200-AFE20C9A3628}.Release|x86.Build.0 = Release|Any CPU
		{AB2FCEE7-C4DF-4342-AAA6-FB344420CBF4}.Debug|Any CPU.ActiveCfg = Debug|Any CPU
		{AB2FCEE7-C4DF-4342-AAA6-FB344420CBF4}.Debug|Any CPU.Build.0 = Debug|Any CPU
		{AB2FCEE7-C4DF-4342-AAA6-FB344420CBF4}.Debug|x64.ActiveCfg = Debug|Any CPU
		{AB2FCEE7-C4DF-4342-AAA6-FB344420CBF4}.Debug|x64.Build.0 = Debug|Any CPU
		{AB2FCEE7-C4DF-4342-AAA6-FB344420CBF4}.Debug|x86.ActiveCfg = Debug|Any CPU
		{AB2FCEE7-C4DF-4342-AAA6-FB344420CBF4}.Debug|x86.Build.0 = Debug|Any CPU
		{AB2FCEE7-C4DF-4342-AAA6-FB344420CBF4}.Release|Any CPU.ActiveCfg = Release|Any CPU
		{AB2FCEE7-C4DF-4342-AAA6-FB344420CBF4}.Release|Any CPU.Build.0 = Release|Any CPU
		{AB2FCEE7-C4DF-4342-AAA6-FB344420CBF4}.Release|x64.ActiveCfg = Release|Any CPU
		{AB2FCEE7-C4DF-4342-AAA6-FB344420CBF4}.Release|x64.Build.0 = Release|Any CPU
		{AB2FCEE7-C4DF-4342-AAA6-FB344420CBF4}.Release|x86.ActiveCfg = Release|Any CPU
		{AB2FCEE7-C4DF-4342-AAA6-FB344420CBF4}.Release|x86.Build.0 = Release|Any CPU
		{61221248-C220-4ECD-A6F5-CBC4451DFE6F}.Debug|Any CPU.ActiveCfg = Debug|Any CPU
		{61221248-C220-4ECD-A6F5-CBC4451DFE6F}.Debug|Any CPU.Build.0 = Debug|Any CPU
		{61221248-C220-4ECD-A6F5-CBC4451DFE6F}.Debug|x64.ActiveCfg = Debug|Any CPU
		{61221248-C220-4ECD-A6F5-CBC4451DFE6F}.Debug|x64.Build.0 = Debug|Any CPU
		{61221248-C220-4ECD-A6F5-CBC4451DFE6F}.Debug|x86.ActiveCfg = Debug|Any CPU
		{61221248-C220-4ECD-A6F5-CBC4451DFE6F}.Debug|x86.Build.0 = Debug|Any CPU
		{61221248-C220-4ECD-A6F5-CBC4451DFE6F}.Release|Any CPU.ActiveCfg = Release|Any CPU
		{61221248-C220-4ECD-A6F5-CBC4451DFE6F}.Release|Any CPU.Build.0 = Release|Any CPU
		{61221248-C220-4ECD-A6F5-CBC4451DFE6F}.Release|x64.ActiveCfg = Release|Any CPU
		{61221248-C220-4ECD-A6F5-CBC4451DFE6F}.Release|x64.Build.0 = Release|Any CPU
		{61221248-C220-4ECD-A6F5-CBC4451DFE6F}.Release|x86.ActiveCfg = Release|Any CPU
		{61221248-C220-4ECD-A6F5-CBC4451DFE6F}.Release|x86.Build.0 = Release|Any CPU
		{B8247D74-8BB2-4DA9-B4FE-2832408813C4}.Debug|Any CPU.ActiveCfg = Debug|Any CPU
		{B8247D74-8BB2-4DA9-B4FE-2832408813C4}.Debug|Any CPU.Build.0 = Debug|Any CPU
		{B8247D74-8BB2-4DA9-B4FE-2832408813C4}.Debug|x64.ActiveCfg = Debug|Any CPU
		{B8247D74-8BB2-4DA9-B4FE-2832408813C4}.Debug|x64.Build.0 = Debug|Any CPU
		{B8247D74-8BB2-4DA9-B4FE-2832408813C4}.Debug|x86.ActiveCfg = Debug|Any CPU
		{B8247D74-8BB2-4DA9-B4FE-2832408813C4}.Debug|x86.Build.0 = Debug|Any CPU
		{B8247D74-8BB2-4DA9-B4FE-2832408813C4}.Release|Any CPU.ActiveCfg = Release|Any CPU
		{B8247D74-8BB2-4DA9-B4FE-2832408813C4}.Release|Any CPU.Build.0 = Release|Any CPU
		{B8247D74-8BB2-4DA9-B4FE-2832408813C4}.Release|x64.ActiveCfg = Release|Any CPU
		{B8247D74-8BB2-4DA9-B4FE-2832408813C4}.Release|x64.Build.0 = Release|Any CPU
		{B8247D74-8BB2-4DA9-B4FE-2832408813C4}.Release|x86.ActiveCfg = Release|Any CPU
		{B8247D74-8BB2-4DA9-B4FE-2832408813C4}.Release|x86.Build.0 = Release|Any CPU
		{D08E7D12-CE70-4BE8-BFC9-36003FF319CC}.Debug|Any CPU.ActiveCfg = Debug|Any CPU
		{D08E7D12-CE70-4BE8-BFC9-36003FF319CC}.Debug|Any CPU.Build.0 = Debug|Any CPU
		{D08E7D12-CE70-4BE8-BFC9-36003FF319CC}.Debug|x64.ActiveCfg = Debug|Any CPU
		{D08E7D12-CE70-4BE8-BFC9-36003FF319CC}.Debug|x64.Build.0 = Debug|Any CPU
		{D08E7D12-CE70-4BE8-BFC9-36003FF319CC}.Debug|x86.ActiveCfg = Debug|Any CPU
		{D08E7D12-CE70-4BE8-BFC9-36003FF319CC}.Debug|x86.Build.0 = Debug|Any CPU
		{D08E7D12-CE70-4BE8-BFC9-36003FF319CC}.Release|Any CPU.ActiveCfg = Release|Any CPU
		{D08E7D12-CE70-4BE8-BFC9-36003FF319CC}.Release|Any CPU.Build.0 = Release|Any CPU
		{D08E7D12-CE70-4BE8-BFC9-36003FF319CC}.Release|x64.ActiveCfg = Release|Any CPU
		{D08E7D12-CE70-4BE8-BFC9-36003FF319CC}.Release|x64.Build.0 = Release|Any CPU
		{D08E7D12-CE70-4BE8-BFC9-36003FF319CC}.Release|x86.ActiveCfg = Release|Any CPU
		{D08E7D12-CE70-4BE8-BFC9-36003FF319CC}.Release|x86.Build.0 = Release|Any CPU
	EndGlobalSection
	GlobalSection(SolutionProperties) = preSolution
		HideSolutionNode = FALSE
	EndGlobalSection
	GlobalSection(NestedProjects) = preSolution
		{5CAE6AFC-95FB-45C7-8200-AFE20C9A3628} = {5D20AA90-6969-D8BD-9DCD-8634F4692FDA}
		{AB2FCEE7-C4DF-4342-AAA6-FB344420CBF4} = {5D20AA90-6969-D8BD-9DCD-8634F4692FDA}
		{61221248-C220-4ECD-A6F5-CBC4451DFE6F} = {5D20AA90-6969-D8BD-9DCD-8634F4692FDA}
		{B8247D74-8BB2-4DA9-B4FE-2832408813C4} = {5D20AA90-6969-D8BD-9DCD-8634F4692FDA}
	EndGlobalSection
EndGlobal
